
Microsoft Visual Studio Solution File, Format Version 12.00
# Visual Studio Version 17
VisualStudioVersion = 17.11.35312.102
MinimumVisualStudioVersion = 10.0.40219.1
Project("{FAE04EC0-301F-11D3-BF4B-00C04F79EFBC}") = "hw_6", "hw_6.csproj", "{348B1441-8916-4EE9-8B9C-6D754F631059}"
EndProject
Global
	GlobalSection(SolutionConfigurationPlatforms) = preSolution
		Debug|Any CPU = Debug|Any CPU
		Release|Any CPU = Release|Any CPU
	EndGlobalSection
	GlobalSection(ProjectConfigurationPlatforms) = postSolution
		{348B1441-8916-4EE9-8B9C-6D754F631059}.Debug|Any CPU.ActiveCfg = Debug|Any CPU
		{348B1441-8916-4EE9-8B9C-6D754F631059}.Debug|Any CPU.Build.0 = Debug|Any CPU
		{348B1441-8916-4EE9-8B9C-6D754F631059}.Release|Any CPU.ActiveCfg = Release|Any CPU
		{348B1441-8916-4EE9-8B9C-6D754F631059}.Release|Any CPU.Build.0 = Release|Any CPU
	EndGlobalSection
	GlobalSection(SolutionProperties) = preSolution
		HideSolutionNode = FALSE
	EndGlobalSection
	GlobalSection(ExtensibilityGlobals) = postSolution
		SolutionGuid = {2656A0CA-A617-4DF4-926A-D678F5A0B6D9}
	EndGlobalSection
EndGlobal
